{
  "name": "es6-template",
  "version": "1.0.0",
  "lockfileVersion": 3,
  "requires": true,
  "packages": {
    "": {
      "name": "es6-template",
      "version": "1.0.0",
      "license": "ISC",
      "dependencies": {
        "es6-template": "file:"
      }
    },
    "node_modules/es6-template": {
      "resolved": "",
      "link": true
    }
  }
}
